
Microsoft Visual Studio Solution File, Format Version 12.00
# Visual Studio Version 16
VisualStudioVersion = 16.0.35229.62
MinimumVisualStudioVersion = 10.0.40219.1
Project("{FAE04EC0-301F-11D3-BF4B-00C04F79EFBC}") = "WebApplication6", "WebApplication6.csproj", "{3D9ED081-8D4C-4548-B73D-BBADA2217764}"
EndProject
Global
	GlobalSection(SolutionConfigurationPlatforms) = preSolution
		Debug|Any CPU = Debug|Any CPU
		Release|Any CPU = Release|Any CPU
	EndGlobalSection
	GlobalSection(ProjectConfigurationPlatforms) = postSolution
		{3D9ED081-8D4C-4548-B73D-BBADA2217764}.Debug|Any CPU.ActiveCfg = Debug|Any CPU
		{3D9ED081-8D4C-4548-B73D-BBADA2217764}.Debug|Any CPU.Build.0 = Debug|Any CPU
		{3D9ED081-8D4C-4548-B73D-BBADA2217764}.Release|Any CPU.ActiveCfg = Release|Any CPU
		{3D9ED081-8D4C-4548-B73D-BBADA2217764}.Release|Any CPU.Build.0 = Release|Any CPU
	EndGlobalSection
	GlobalSection(SolutionProperties) = preSolution
		HideSolutionNode = FALSE
	EndGlobalSection
	GlobalSection(ExtensibilityGlobals) = postSolution
		SolutionGuid = {2C079450-1E79-47C7-9197-FC07A85B8B62}
	EndGlobalSection
EndGlobal
